
Microsoft Visual Studio Solution File, Format Version 12.00
# Visual Studio Version 17
VisualStudioVersion = 17.13.35919.96 d17.13
MinimumVisualStudioVersion = 10.0.40219.1
Project("{FAE04EC0-301F-11D3-BF4B-00C04F79EFBC}") = "muciter", "muciter.csproj", "{BABAC812-CFDE-4173-BD48-2DC457DE1497}"
EndProject
Global
	GlobalSection(SolutionConfigurationPlatforms) = preSolution
		Debug|Any CPU = Debug|Any CPU
		Release|Any CPU = Release|Any CPU
	EndGlobalSection
	GlobalSection(ProjectConfigurationPlatforms) = postSolution
		{BABAC812-CFDE-4173-BD48-2DC457DE1497}.Debug|Any CPU.ActiveCfg = Debug|Any CPU
		{BABAC812-CFDE-4173-BD48-2DC457DE1497}.Debug|Any CPU.Build.0 = Debug|Any CPU
		{BABAC812-CFDE-4173-BD48-2DC457DE1497}.Release|Any CPU.ActiveCfg = Release|Any CPU
		{BABAC812-CFDE-4173-BD48-2DC457DE1497}.Release|Any CPU.Build.0 = Release|Any CPU
	EndGlobalSection
	GlobalSection(SolutionProperties) = preSolution
		HideSolutionNode = FALSE
	EndGlobalSection
	GlobalSection(ExtensibilityGlobals) = postSolution
		SolutionGuid = {C7C79F14-0E8D-4ADC-9C67-C7EA26B46B9F}
	EndGlobalSection
EndGlobal
