
Microsoft Visual Studio Solution File, Format Version 12.00
# Visual Studio Version 17
VisualStudioVersion = 17.13.35919.96 d17.13
MinimumVisualStudioVersion = 10.0.40219.1
Project("{FAE04EC0-301F-11D3-BF4B-00C04F79EFBC}") = "MusicTagFinder", "MusicTagFinder.csproj", "{9A9EA9E7-7F7F-4189-A6E4-D08FF3128806}"
EndProject
Global
	GlobalSection(SolutionConfigurationPlatforms) = preSolution
		Debug|Any CPU = Debug|Any CPU
		Release|Any CPU = Release|Any CPU
	EndGlobalSection
	GlobalSection(ProjectConfigurationPlatforms) = postSolution
		{9A9EA9E7-7F7F-4189-A6E4-D08FF3128806}.Debug|Any CPU.ActiveCfg = Debug|Any CPU
		{9A9EA9E7-7F7F-4189-A6E4-D08FF3128806}.Debug|Any CPU.Build.0 = Debug|Any CPU
		{9A9EA9E7-7F7F-4189-A6E4-D08FF3128806}.Release|Any CPU.ActiveCfg = Release|Any CPU
		{9A9EA9E7-7F7F-4189-A6E4-D08FF3128806}.Release|Any CPU.Build.0 = Release|Any CPU
	EndGlobalSection
	GlobalSection(SolutionProperties) = preSolution
		HideSolutionNode = FALSE
	EndGlobalSection
	GlobalSection(ExtensibilityGlobals) = postSolution
		SolutionGuid = {536631A7-7585-44DB-BDA1-9FB5AFBD862E}
	EndGlobalSection
EndGlobal
